version = 1
revision = 3
requires-python = ">=3.14"

[[package]]
name = "ansible"
version = "13.6.0"
source = { registry = "https://pypi.org/simple" }
dependencies = [
    { name = "ansible-core" },
]
sdist = { url = "https://files.pythonhosted.org/packages/fe/30/41f9a93c339a52e944f49b59cc9b1663e0403b2feecefcf89834df8dd8b9/ansible-13.6.0.tar.gz", hash = "sha256:5141552c1bd37f56839eb5b11ef0d93e92391295c97947d507b8daf7265b12b8", size = 52989793, upload-time = "2026-04-21T15:38:04.146Z" }
wheels = [
    { url = "https://files.pythonhosted.org/packages/58/8e/2c8754902029374e28cc9cd33d46c4be0a1ba71c02bd0efb8beb8f97f247/ansible-13.6.0-py3-none-any.whl", hash = "sha256:d011ee5f895ca68b4670e39b910cee447b416a00a3e8d1bd599f4a6dff32ff12", size = 56333598, upload-time = "2026-04-21T15:37:58.235Z" },
]

[[package]]
name = "ansible-core"
version = "2.20.5"
source = { registry = "https://pypi.org/simple" }
dependencies = [
    { name = "cryptography" },
    { name = "jinja2" },
    { name = "packaging" },
    { name = "pyyaml" },
    { name = "resolvelib" },
]
sdist = { url = "https://files.pythonhosted.org/packages/9d/ec/690cc73e38c3546eabc8ef4118e0d7be1758a598bc23eed3e24ca1f346a7/ansible_core-2.20.5.tar.gz", hash = "sha256:82e3049d95e6e02e5d20d4a5a8e10533a55e0cc52e878e4cf77166c45410f16f", size = 3339511, upload-time = "2026-04-21T00:48:27.175Z" }
wheels = [
    { url = "https://files.pythonhosted.org/packages/f9/e1/4454505e725b84ae670229565dfc20c4075480199647bf4874cf337c560e/ansible_core-2.20.5-py3-none-any.whl", hash = "sha256:ff6ff15c6a37fda07dc7400207e17e93727b24173ca48c068b3311a50d75ecc3", size = 2416843, upload-time = "2026-04-21T00:48:25.413Z" },
]

[[package]]
name = "cffi"
version = "1.17.1"
source = { registry = "https://pypi.org/simple" }
dependencies = [
    { name = "pycparser" },
]
sdist = { url = "https://files.pythonhosted.org/packages/fc/97/c783634659c2920c3fc70419e3af40972dbaf758daa229a7d6ea6135c90d/cffi-1.17.1.tar.gz", hash = "sha256:1c39c6016c32bc48dd54561950ebd6836e1670f2ae46128f67cf49e789c52824", size = 516621, upload-time = "2024-09-04T20:45:21.852Z" }

[[package]]
name = "cryptography"
version = "45.0.5"
source = { registry = "https://pypi.org/simple" }
dependencies = [
    { name = "cffi", marker = "platform_python_implementation != 'PyPy'" },
]
sdist = { url = "https://files.pythonhosted.org/packages/95/1e/49527ac611af559665f71cbb8f92b332b5ec9c6fbc4e88b0f8e92f5e85df/cryptography-45.0.5.tar.gz", hash = "sha256:72e76caa004ab63accdf26023fccd1d087f6d90ec6048ff33ad0445abf7f605a", size = 744903, upload-time = "2025-07-02T13:06:25.941Z" }
wheels = [
    { url = "https://files.pythonhosted.org/packages/f0/fb/09e28bc0c46d2c547085e60897fea96310574c70fb21cd58a730a45f3403/cryptography-45.0.5-cp311-abi3-macosx_10_9_universal2.whl", hash = "sha256:101ee65078f6dd3e5a028d4f19c07ffa4dd22cce6a20eaa160f8b5219911e7d8", size = 7043092, upload-time = "2025-07-02T13:05:01.514Z" },
    { url = "https://files.pythonhosted.org/packages/b1/05/2194432935e29b91fb649f6149c1a4f9e6d3d9fc880919f4ad1bcc22641e/cryptography-45.0.5-cp311-abi3-manylinux2014_aarch64.manylinux_2_17_aarch64.whl", hash = "sha256:3a264aae5f7fbb089dbc01e0242d3b67dffe3e6292e1f5182122bdf58e65215d", size = 4205926, upload-time = "2025-07-02T13:05:04.741Z" },
    { url = "https://files.pythonhosted.org/packages/07/8b/9ef5da82350175e32de245646b1884fc01124f53eb31164c77f95a08d682/cryptography-45.0.5-cp311-abi3-manylinux2014_x86_64.manylinux_2_17_x86_64.whl", hash = "sha256:e74d30ec9c7cb2f404af331d5b4099a9b322a8a6b25c4632755c8757345baac5", size = 4429235, upload-time = "2025-07-02T13:05:07.084Z" },
    { url = "https://files.pythonhosted.org/packages/7c/e1/c809f398adde1994ee53438912192d92a1d0fc0f2d7582659d9ef4c28b0c/cryptography-45.0.5-cp311-abi3-manylinux_2_28_aarch64.whl", hash = "sha256:3af26738f2db354aafe492fb3869e955b12b2ef2e16908c8b9cb928128d42c57", size = 4209785, upload-time = "2025-07-02T13:05:09.321Z" },
    { url = "https://files.pythonhosted.org/packages/d0/8b/07eb6bd5acff58406c5e806eff34a124936f41a4fb52909ffa4d00815f8c/cryptography-45.0.5-cp311-abi3-manylinux_2_28_armv7l.manylinux_2_31_armv7l.whl", hash = "sha256:e6c00130ed423201c5bc5544c23359141660b07999ad82e34e7bb8f882bb78e0", size = 3893050, upload-time = "2025-07-02T13:05:11.069Z" },
    { url = "https://files.pythonhosted.org/packages/ec/ef/3333295ed58d900a13c92806b67e62f27876845a9a908c939f040887cca9/cryptography-45.0.5-cp311-abi3-manylinux_2_28_x86_64.whl", hash = "sha256:dd420e577921c8c2d31289536c386aaa30140b473835e97f83bc71ea9d2baf2d", size = 4457379, upload-time = "2025-07-02T13:05:13.32Z" },
    { url = "https://files.pythonhosted.org/packages/d9/9d/44080674dee514dbb82b21d6fa5d1055368f208304e2ab1828d85c9de8f4/cryptography-45.0.5-cp311-abi3-manylinux_2_34_aarch64.whl", hash = "sha256:d05a38884db2ba215218745f0781775806bde4f32e07b135348355fe8e4991d9", size = 4209355, upload-time = "2025-07-02T13:05:15.017Z" },
    { url = "https://files.pythonhosted.org/packages/c9/d8/0749f7d39f53f8258e5c18a93131919ac465ee1f9dccaf1b3f420235e0b5/cryptography-45.0.5-cp311-abi3-manylinux_2_34_x86_64.whl", hash = "sha256:ad0caded895a00261a5b4aa9af828baede54638754b51955a0ac75576b831b27", size = 4456087, upload-time = "2025-07-02T13:05:16.945Z" },
    { url = "https://files.pythonhosted.org/packages/09/d7/92acac187387bf08902b0bf0699816f08553927bdd6ba3654da0010289b4/cryptography-45.0.5-cp311-abi3-musllinux_1_2_aarch64.whl", hash = "sha256:9024beb59aca9d31d36fcdc1604dd9bbeed0a55bface9f1908df19178e2f116e", size = 4332873, upload-time = "2025-07-02T13:05:18.743Z" },
    { url = "https://files.pythonhosted.org/packages/03/c2/840e0710da5106a7c3d4153c7215b2736151bba60bf4491bdb421df5056d/cryptography-45.0.5-cp311-abi3-musllinux_1_2_x86_64.whl", hash = "sha256:91098f02ca81579c85f66df8a588c78f331ca19089763d733e34ad359f474174", size = 4564651, upload-time = "2025-07-02T13:05:21.382Z" },
    { url = "https://files.pythonhosted.org/packages/2e/92/cc723dd6d71e9747a887b94eb3827825c6c24b9e6ce2bb33b847d31d5eaa/cryptography-45.0.5-cp311-abi3-win32.whl", hash = "sha256:926c3ea71a6043921050eaa639137e13dbe7b4ab25800932a8498364fc1abec9", size = 2929050, upload-time = "2025-07-02T13:05:23.39Z" },
    { url = "https://files.pythonhosted.org/packages/1f/10/197da38a5911a48dd5389c043de4aec4b3c94cb836299b01253940788d78/cryptography-45.0.5-cp311-abi3-win_amd64.whl", hash = "sha256:b85980d1e345fe769cfc57c57db2b59cff5464ee0c045d52c0df087e926fbe63", size = 3403224, upload-time = "2025-07-02T13:05:25.202Z" },
    { url = "https://files.pythonhosted.org/packages/fe/2b/160ce8c2765e7a481ce57d55eba1546148583e7b6f85514472b1d151711d/cryptography-45.0.5-cp37-abi3-macosx_10_9_universal2.whl", hash = "sha256:f3562c2f23c612f2e4a6964a61d942f891d29ee320edb62ff48ffb99f3de9ae8", size = 7017143, upload-time = "2025-07-02T13:05:27.229Z" },
    { url = "https://files.pythonhosted.org/packages/c2/e7/2187be2f871c0221a81f55ee3105d3cf3e273c0a0853651d7011eada0d7e/cryptography-45.0.5-cp37-abi3-manylinux2014_aarch64.manylinux_2_17_aarch64.whl", hash = "sha256:3fcfbefc4a7f332dece7272a88e410f611e79458fab97b5efe14e54fe476f4fd", size = 4197780, upload-time = "2025-07-02T13:05:29.299Z" },
    { url = "https://files.pythonhosted.org/packages/b9/cf/84210c447c06104e6be9122661159ad4ce7a8190011669afceeaea150524/cryptography-45.0.5-cp37-abi3-manylinux2014_x86_64.manylinux_2_17_x86_64.whl", hash = "sha256:460f8c39ba66af7db0545a8c6f2eabcbc5a5528fc1cf6c3fa9a1e44cec33385e", size = 4420091, upload-time = "2025-07-02T13:05:31.221Z" },
    { url = "https://files.pythonhosted.org/packages/3e/6a/cb8b5c8bb82fafffa23aeff8d3a39822593cee6e2f16c5ca5c2ecca344f7/cryptography-45.0.5-cp37-abi3-manylinux_2_28_aarch64.whl", hash = "sha256:9b4cf6318915dccfe218e69bbec417fdd7c7185aa7aab139a2c0beb7468c89f0", size = 4198711, upload-time = "2025-07-02T13:05:33.062Z" },
    { url = "https://files.pythonhosted.org/packages/04/f7/36d2d69df69c94cbb2473871926daf0f01ad8e00fe3986ac3c1e8c4ca4b3/cryptography-45.0.5-cp37-abi3-manylinux_2_28_armv7l.manylinux_2_31_armv7l.whl", hash = "sha256:2089cc8f70a6e454601525e5bf2779e665d7865af002a5dec8d14e561002e135", size = 3883299, upload-time = "2025-07-02T13:05:34.94Z" },
    { url = "https://files.pythonhosted.org/packages/82/c7/f0ea40f016de72f81288e9fe8d1f6748036cb5ba6118774317a3ffc6022d/cryptography-45.0.5-cp37-abi3-manylinux_2_28_x86_64.whl", hash = "sha256:0027d566d65a38497bc37e0dd7c2f8ceda73597d2ac9ba93810204f56f52ebc7", size = 4450558, upload-time = "2025-07-02T13:05:37.288Z" },
    { url = "https://files.pythonhosted.org/packages/06/ae/94b504dc1a3cdf642d710407c62e86296f7da9e66f27ab12a1ee6fdf005b/cryptography-45.0.5-cp37-abi3-manylinux_2_34_aarch64.whl", hash = "sha256:be97d3a19c16a9be00edf79dca949c8fa7eff621763666a145f9f9535a5d7f42", size = 4198020, upload-time = "2025-07-02T13:05:39.102Z" },
    { url = "https://files.pythonhosted.org/packages/05/2b/aaf0adb845d5dabb43480f18f7ca72e94f92c280aa983ddbd0bcd6ecd037/cryptography-45.0.5-cp37-abi3-manylinux_2_34_x86_64.whl", hash = "sha256:7760c1c2e1a7084153a0f68fab76e754083b126a47d0117c9ed15e69e2103492", size = 4449759, upload-time = "2025-07-02T13:05:41.398Z" },
    { url = "https://files.pythonhosted.org/packages/91/e4/f17e02066de63e0100a3a01b56f8f1016973a1d67551beaf585157a86b3f/cryptography-45.0.5-cp37-abi3-musllinux_1_2_aarch64.whl", hash = "sha256:6ff8728d8d890b3dda5765276d1bc6fb099252915a2cd3aff960c4c195745dd0", size = 4319991, upload-time = "2025-07-02T13:05:43.64Z" },
    { url = "https://files.pythonhosted.org/packages/f2/2e/e2dbd629481b499b14516eed933f3276eb3239f7cee2dcfa4ee6b44d4711/cryptography-45.0.5-cp37-abi3-musllinux_1_2_x86_64.whl", hash = "sha256:7259038202a47fdecee7e62e0fd0b0738b6daa335354396c6ddebdbe1206af2a", size = 4554189, upload-time = "2025-07-02T13:05:46.045Z" },
    { url = "https://files.pythonhosted.org/packages/f8/ea/a78a0c38f4c8736287b71c2ea3799d173d5ce778c7d6e3c163a95a05ad2a/cryptography-45.0.5-cp37-abi3-win32.whl", hash = "sha256:1e1da5accc0c750056c556a93c3e9cb828970206c68867712ca5805e46dc806f", size = 2911769, upload-time = "2025-07-02T13:05:48.329Z" },
    { url = "https://files.pythonhosted.org/packages/79/b3/28ac139109d9005ad3f6b6f8976ffede6706a6478e21c889ce36c840918e/cryptography-45.0.5-cp37-abi3-win_amd64.whl", hash = "sha256:90cb0a7bb35959f37e23303b7eed0a32280510030daba3f7fdfbb65defde6a97", size = 3390016, upload-time = "2025-07-02T13:05:50.811Z" },
]

[[package]]
name = "dango"
version = "0.0.0"
source = { virtual = "." }
dependencies = [
    { name = "ansible" },
]

[package.metadata]
requires-dist = [{ name = "ansible", specifier = ">=13.6.0" }]

[[package]]
name = "jinja2"
version = "3.1.6"
source = { registry = "https://pypi.org/simple" }
dependencies = [
    { name = "markupsafe" },
]
sdist = { url = "https://files.pythonhosted.org/packages/df/bf/f7da0350254c0ed7c72f3e33cef02e048281fec7ecec5f032d4aac52226b/jinja2-3.1.6.tar.gz", hash = "sha256:0137fb05990d35f1275a587e9aee6d56da821fc83491a0fb838183be43f66d6d", size = 245115, upload-time = "2025-03-05T20:05:02.478Z" }
wheels = [
    { url = "https://files.pythonhosted.org/packages/62/a1/3d680cbfd5f4b8f15abc1d571870c5fc3e594bb582bc3b64ea099db13e56/jinja2-3.1.6-py3-none-any.whl", hash = "sha256:85ece4451f492d0c13c5dd7c13a64681a86afae63a5f347908daf103ce6d2f67", size = 134899, upload-time = "2025-03-05T20:05:00.369Z" },
]

[[package]]
name = "markupsafe"
version = "3.0.2"
source = { registry = "https://pypi.org/simple" }
sdist = { url = "https://files.pythonhosted.org/packages/b2/97/5d42485e71dfc078108a86d6de8fa46db44a1a9295e89c5d6d4a06e23a62/markupsafe-3.0.2.tar.gz", hash = "sha256:ee55d3edf80167e48ea11a923c7386f4669df67d7994554387f84e7d8b0a2bf0", size = 20537, upload-time = "2024-10-18T15:21:54.129Z" }

[[package]]
name = "packaging"
version = "25.0"
source = { registry = "https://pypi.org/simple" }
sdist = { url = "https://files.pythonhosted.org/packages/a1/d4/1fc4078c65507b51b96ca8f8c3ba19e6a61c8253c72794544580a7b6c24d/packaging-25.0.tar.gz", hash = "sha256:d443872c98d677bf60f6a1f2f8c1cb748e8fe762d2bf9d3148b5599295b0fc4f", size = 165727, upload-time = "2025-04-19T11:48:59.673Z" }
wheels = [
    { url = "https://files.pythonhosted.org/packages/20/12/38679034af332785aac8774540895e234f4d07f7545804097de4b666afd8/packaging-25.0-py3-none-any.whl", hash = "sha256:29572ef2b1f17581046b3a2227d5c611fb25ec70ca1ba8554b24b0e69331a484", size = 66469, upload-time = "2025-04-19T11:48:57.875Z" },
]

[[package]]
name = "pycparser"
version = "2.22"
source = { registry = "https://pypi.org/simple" }
sdist = { url = "https://files.pythonhosted.org/packages/1d/b2/31537cf4b1ca988837256c910a668b553fceb8f069bedc4b1c826024b52c/pycparser-2.22.tar.gz", hash = "sha256:491c8be9c040f5390f5bf44a5b07752bd07f56edf992381b05c701439eec10f6", size = 172736, upload-time = "2024-03-30T13:22:22.564Z" }
wheels = [
    { url = "https://files.pythonhosted.org/packages/13/a3/a812df4e2dd5696d1f351d58b8fe16a405b234ad2886a0dab9183fb78109/pycparser-2.22-py3-none-any.whl", hash = "sha256:c3702b6d3dd8c7abc1afa565d7e63d53a1d0bd86cdc24edd75470f4de499cfcc", size = 117552, upload-time = "2024-03-30T13:22:20.476Z" },
]

[[package]]
name = "pyyaml"
version = "6.0.2"
source = { registry = "https://pypi.org/simple" }
sdist = { url = "https://files.pythonhosted.org/packages/54/ed/79a089b6be93607fa5cdaedf301d7dfb23af5f25c398d5ead2525b063e17/pyyaml-6.0.2.tar.gz", hash = "sha256:d584d9ec91ad65861cc08d42e834324ef890a082e591037abe114850ff7bbc3e", size = 130631, upload-time = "2024-08-06T20:33:50.674Z" }

[[package]]
name = "resolvelib"
version = "1.0.1"
source = { registry = "https://pypi.org/simple" }
sdist = { url = "https://files.pythonhosted.org/packages/ce/10/f699366ce577423cbc3df3280063099054c23df70856465080798c6ebad6/resolvelib-1.0.1.tar.gz", hash = "sha256:04ce76cbd63fded2078ce224785da6ecd42b9564b1390793f64ddecbe997b309", size = 21065, upload-time = "2023-03-09T05:10:38.292Z" }
wheels = [
    { url = "https://files.pythonhosted.org/packages/d2/fc/e9ccf0521607bcd244aa0b3fbd574f71b65e9ce6a112c83af988bbbe2e23/resolvelib-1.0.1-py2.py3-none-any.whl", hash = "sha256:d2da45d1a8dfee81bdd591647783e340ef3bcb104b54c383f70d422ef5cc7dbf", size = 17194, upload-time = "2023-03-09T05:10:36.214Z" },
]
